
Microsoft Visual Studio Solution File, Format Version 12.00
# Visual Studio Version 17
VisualStudioVersion = 17.2.32519.379
MinimumVisualStudioVersion = 10.0.40219.1
Project("{FAE04EC0-301F-11D3-BF4B-00C04F79EFBC}") = "MoodAnalyserPbr", "MoodAnalyser\MoodAnalyserPbr.csproj", "{15CB05EB-3401-4A31-8E2D-A8A8A629BA49}"
EndProject
Project("{FAE04EC0-301F-11D3-BF4B-00C04F79EFBC}") = "MoodAnalyserTest", "MoodAnalyserTest\MoodAnalyserTest.csproj", "{37687691-EBB3-4A4C-ADF0-AC5D4CC2FD99}"
EndProject
Global
	GlobalSection(SolutionConfigurationPlatforms) = preSolution
		Debug|Any CPU = Debug|Any CPU
		Release|Any CPU = Release|Any CPU
	EndGlobalSection
	GlobalSection(ProjectConfigurationPlatforms) = postSolution
		{15CB05EB-3401-4A31-8E2D-A8A8A629BA49}.Debug|Any CPU.ActiveCfg = Debug|Any CPU
		{15CB05EB-3401-4A31-8E2D-A8A8A629BA49}.Debug|Any CPU.Build.0 = Debug|Any CPU
		{15CB05EB-3401-4A31-8E2D-A8A8A629BA49}.Release|Any CPU.ActiveCfg = Release|Any CPU
		{15CB05EB-3401-4A31-8E2D-A8A8A629BA49}.Release|Any CPU.Build.0 = Release|Any CPU
		{37687691-EBB3-4A4C-ADF0-AC5D4CC2FD99}.Debug|Any CPU.ActiveCfg = Debug|Any CPU
		{37687691-EBB3-4A4C-ADF0-AC5D4CC2FD99}.Debug|Any CPU.Build.0 = Debug|Any CPU
		{37687691-EBB3-4A4C-ADF0-AC5D4CC2FD99}.Release|Any CPU.ActiveCfg = Release|Any CPU
		{37687691-EBB3-4A4C-ADF0-AC5D4CC2FD99}.Release|Any CPU.Build.0 = Release|Any CPU
	EndGlobalSection
	GlobalSection(SolutionProperties) = preSolution
		HideSolutionNode = FALSE
	EndGlobalSection
	GlobalSection(ExtensibilityGlobals) = postSolution
		SolutionGuid = {11DDD96E-5A2B-4877-A4BB-AEAC63563720}
	EndGlobalSection
EndGlobal
